lockfileVersion: '6.0'

settings:
  autoInstallPeers: true
  excludeLinksFromLockfile: false

dependencies:
  '@lit-labs/ssr':
    specifier: ^3.2.2
    version: 3.2.2
  '@resvg/resvg-js':
    specifier: ^2.6.0
    version: 2.6.0
  commander:
    specifier: ^12.0.0
    version: 12.0.0
  fast-glob:
    specifier: ^3.3.2
    version: 3.3.2
  parse5:
    specifier: ^7.1.2
    version: 7.1.2
  picocolors:
    specifier: ^1.0.0
    version: 1.0.0
  satori:
    specifier: ^0.10.13
    version: 0.10.13
  satori-html:
    specifier: ^0.3.2
    version: 0.3.2

devDependencies:
  '@types/node':
    specifier: ^20.11.16
    version: 20.11.16
  '@types/react':
    specifier: ^18.2.55
    version: 18.2.55
  prettier:
    specifier: ^3.2.5
    version: 3.2.5
  typedoc:
    specifier: ^0.25.7
    version: 0.25.7(typescript@5.3.3)
  typescript:
    specifier: ^5.3.3
    version: 5.3.3

packages:

  /@lit-labs/ssr-client@1.1.7:
    resolution: {integrity: sha512-VvqhY/iif3FHrlhkzEPsuX/7h/NqnfxLwVf0p8ghNIlKegRyRqgeaJevZ57s/u/LiFyKgqksRP5n+LmNvpxN+A==}
    dependencies:
      '@lit/reactive-element': 2.0.4
      lit: 3.1.2
      lit-html: 3.1.2
    dev: false

  /@lit-labs/ssr-dom-shim@1.2.0:
    resolution: {integrity: sha512-yWJKmpGE6lUURKAaIltoPIE/wrbY3TEkqQt+X0m+7fQNnAv0keydnYvbiJFP1PnMhizmIWRWOG5KLhYyc/xl+g==}
    dev: false

  /@lit-labs/ssr@3.2.2:
    resolution: {integrity: sha512-He5TzeNPM9ECmVpgXRYmVlz0UA5YnzHlT43kyLi2Lu6mUidskqJVonk9W5K699+2DKhoXp8Ra4EJmHR6KrcW1Q==}
    engines: {node: '>=13.9.0'}
    dependencies:
      '@lit-labs/ssr-client': 1.1.7
      '@lit-labs/ssr-dom-shim': 1.2.0
      '@lit/reactive-element': 2.0.4
      '@parse5/tools': 0.3.0
      '@types/node': 16.18.79
      enhanced-resolve: 5.15.0
      lit: 3.1.2
      lit-element: 4.0.4
      lit-html: 3.1.2
      node-fetch: 3.3.2
      parse5: 7.1.2
    dev: false

  /@lit/reactive-element@2.0.4:
    resolution: {integrity: sha512-GFn91inaUa2oHLak8awSIigYz0cU0Payr1rcFsrkf5OJ5eSPxElyZfKh0f2p9FsTiZWXQdWGJeXZICEfXXYSXQ==}
    dependencies:
      '@lit-labs/ssr-dom-shim': 1.2.0
    dev: false

  /@nodelib/fs.scandir@2.1.5:
    resolution: {integrity: sha512-vq24Bq3ym5HEQm2NKCr3yXDwjc7vTsEThRDnkp2DK9p1uqLR+DHurm/NOTo0KG7HYHU7eppKZj3MyqYuMBf62g==}
    engines: {node: '>= 8'}
    dependencies:
      '@nodelib/fs.stat': 2.0.5
      run-parallel: 1.2.0
    dev: false

  /@nodelib/fs.stat@2.0.5:
    resolution: {integrity: sha512-RkhPPp2zrqDAQA/2jNhnztcPAlv64XdhIp7a7454A5ovI7Bukxgt7MX7udwAu3zg1DcpPU0rz3VV1SeaqvY4+A==}
    engines: {node: '>= 8'}
    dev: false

  /@nodelib/fs.walk@1.2.8:
    resolution: {integrity: sha512-oGB+UxlgWcgQkgwo8GcEGwemoTFt3FIO9ababBmaGwXIoBKZ+GTy0pP185beGg7Llih/NSHSV2XAs1lnznocSg==}
    engines: {node: '>= 8'}
    dependencies:
      '@nodelib/fs.scandir': 2.1.5
      fastq: 1.17.1
    dev: false

  /@parse5/tools@0.3.0:
    resolution: {integrity: sha512-zxRyTHkqb7WQMV8kTNBKWb1BeOFUKXBXTBWuxg9H9hfvQB3IwP6Iw2U75Ia5eyRxPNltmY7E8YAlz6zWwUnjKg==}
    dependencies:
      parse5: 7.1.2
    dev: false

  /@resvg/resvg-js-android-arm-eabi@2.6.0:
    resolution: {integrity: sha512-lJnZ/2P5aMocrFMW7HWhVne5gH82I8xH6zsfH75MYr4+/JOaVcGCTEQ06XFohGMdYRP3v05SSPLPvTM/RHjxfA==}
    engines: {node: '>= 10'}
    cpu: [arm]
    os: [android]
    requiresBuild: true
    dev: false
    optional: true

  /@resvg/resvg-js-android-arm64@2.6.0:
    resolution: {integrity: sha512-N527f529bjMwYWShZYfBD60dXA4Fux+D695QsHQ93BDYZSHUoOh1CUGUyICevnTxs7VgEl98XpArmUWBZQVMfQ==}
    engines: {node: '>= 10'}
    cpu: [arm64]
    os: [android]
    requiresBuild: true
    dev: false
    optional: true

  /@resvg/resvg-js-darwin-arm64@2.6.0:
    resolution: {integrity: sha512-MabUKLVayEwlPo0mIqAmMt+qESN8LltCvv5+GLgVga1avpUrkxj/fkU1TKm8kQegutUjbP/B0QuMuUr0uhF8ew==}
    engines: {node: '>= 10'}
    cpu: [arm64]
    os: [darwin]
    requiresBuild: true
    dev: false
    optional: true

  /@resvg/resvg-js-darwin-x64@2.6.0:
    resolution: {integrity: sha512-zrFetdnSw/suXjmyxSjfDV7i61hahv6DDG6kM7BYN2yJ3Es5+BZtqYZTcIWogPJedYKmzN1YTMWGd/3f0ubFiA==}
    engines: {node: '>= 10'}
    cpu: [x64]
    os: [darwin]
    requiresBuild: true
    dev: false
    optional: true

  /@resvg/resvg-js-linux-arm-gnueabihf@2.6.0:
    resolution: {integrity: sha512-sH4gxXt7v7dGwjGyzLwn7SFGvwZG6DQqLaZ11MmzbCwd9Zosy1TnmrMJfn6TJ7RHezmQMgBPi18bl55FZ1AT4A==}
    engines: {node: '>= 10'}
    cpu: [arm]
    os: [linux]
    requiresBuild: true
    dev: false
    optional: true

  /@resvg/resvg-js-linux-arm64-gnu@2.6.0:
    resolution: {integrity: sha512-fCyMncqCJtrlANADIduYF4IfnWQ295UKib7DAxFXQhBsM9PLDTpizr0qemZcCNadcwSVHnAIzL4tliZhCM8P6A==}
    engines: {node: '>= 10'}
    cpu: [arm64]
    os: [linux]
    requiresBuild: true
    dev: false
    optional: true

  /@resvg/resvg-js-linux-arm64-musl@2.6.0:
    resolution: {integrity: sha512-ouLjTgBQHQyxLht4FdMPTvuY8xzJigM9EM2Tlu0llWkN1mKyTQrvYWi6TA6XnKdzDJHy7ZLpWpjZi7F5+Pg+Vg==}
    engines: {node: '>= 10'}
    cpu: [arm64]
    os: [linux]
    requiresBuild: true
    dev: false
    optional: true

  /@resvg/resvg-js-linux-x64-gnu@2.6.0:
    resolution: {integrity: sha512-n3zC8DWsvxC1AwxpKFclIPapDFibs5XdIRoV/mcIlxlh0vseW1F49b97F33BtJQRmlntsqqN6GMMqx8byB7B+Q==}
    engines: {node: '>= 10'}
    cpu: [x64]
    os: [linux]
    requiresBuild: true
    dev: false
    optional: true

  /@resvg/resvg-js-linux-x64-musl@2.6.0:
    resolution: {integrity: sha512-n4tasK1HOlAxdTEROgYA1aCfsEKk0UOFDNd/AQTTZlTmCbHKXPq+O8npaaKlwXquxlVK8vrkcWbksbiGqbCAcw==}
    engines: {node: '>= 10'}
    cpu: [x64]
    os: [linux]
    requiresBuild: true
    dev: false
    optional: true

  /@resvg/resvg-js-win32-arm64-msvc@2.6.0:
    resolution: {integrity: sha512-X2+EoBJFwDI5LDVb51Sk7ldnVLitMGr9WwU/i21i3fAeAXZb3hM16k67DeTy16OYkT2dk/RfU1tP1wG+rWbz2Q==}
    engines: {node: '>= 10'}
    cpu: [arm64]
    os: [win32]
    requiresBuild: true
    dev: false
    optional: true

  /@resvg/resvg-js-win32-ia32-msvc@2.6.0:
    resolution: {integrity: sha512-L7oevWjQoUgK5W1fCKn0euSVemhDXVhrjtwqpc7MwBKKimYeiOshO1Li1pa8bBt5PESahenhWgdB6lav9O0fEg==}
    engines: {node: '>= 10'}
    cpu: [ia32]
    os: [win32]
    requiresBuild: true
    dev: false
    optional: true

  /@resvg/resvg-js-win32-x64-msvc@2.6.0:
    resolution: {integrity: sha512-8lJlghb+Unki5AyKgsnFbRJwkEj9r1NpwyuBG8yEJiG1W9eEGl03R3I7bsVa3haof/3J1NlWf0rzSa1G++A2iw==}
    engines: {node: '>= 10'}
    cpu: [x64]
    os: [win32]
    requiresBuild: true
    dev: false
    optional: true

  /@resvg/resvg-js@2.6.0:
    resolution: {integrity: sha512-Tf3YpbBKcQn991KKcw/vg7vZf98v01seSv6CVxZBbRkL/xyjnoYB6KgrFL6zskT1A4dWC/vg77KyNOW+ePaNlA==}
    engines: {node: '>= 10'}
    optionalDependencies:
      '@resvg/resvg-js-android-arm-eabi': 2.6.0
      '@resvg/resvg-js-android-arm64': 2.6.0
      '@resvg/resvg-js-darwin-arm64': 2.6.0
      '@resvg/resvg-js-darwin-x64': 2.6.0
      '@resvg/resvg-js-linux-arm-gnueabihf': 2.6.0
      '@resvg/resvg-js-linux-arm64-gnu': 2.6.0
      '@resvg/resvg-js-linux-arm64-musl': 2.6.0
      '@resvg/resvg-js-linux-x64-gnu': 2.6.0
      '@resvg/resvg-js-linux-x64-musl': 2.6.0
      '@resvg/resvg-js-win32-arm64-msvc': 2.6.0
      '@resvg/resvg-js-win32-ia32-msvc': 2.6.0
      '@resvg/resvg-js-win32-x64-msvc': 2.6.0
    dev: false

  /@shuding/opentype.js@1.4.0-beta.0:
    resolution: {integrity: sha512-3NgmNyH3l/Hv6EvsWJbsvpcpUba6R8IREQ83nH83cyakCw7uM1arZKNfHwv1Wz6jgqrF/j4x5ELvR6PnK9nTcA==}
    engines: {node: '>= 8.0.0'}
    hasBin: true
    dependencies:
      fflate: 0.7.4
      string.prototype.codepointat: 0.2.1
    dev: false

  /@types/node@16.18.79:
    resolution: {integrity: sha512-Qd7jdLR5zmnIyMhfDrfPqN5tUCvreVpP3Qrf2oSM+F7SNzlb/MwHISGUkdFHtevfkPJ3iAGyeQI/jsbh9EStgQ==}
    dev: false

  /@types/node@20.11.16:
    resolution: {integrity: sha512-gKb0enTmRCzXSSUJDq6/sPcqrfCv2mkkG6Jt/clpn5eiCbKTY+SgZUxo+p8ZKMof5dCp9vHQUAB7wOUTod22wQ==}
    dependencies:
      undici-types: 5.26.5
    dev: true

  /@types/prop-types@15.7.11:
    resolution: {integrity: sha512-ga8y9v9uyeiLdpKddhxYQkxNDrfvuPrlFb0N1qnZZByvcElJaXthF1UhvCh9TLWJBEHeNtdnbysW7Y6Uq8CVng==}
    dev: true

  /@types/react@18.2.55:
    resolution: {integrity: sha512-Y2Tz5P4yz23brwm2d7jNon39qoAtMMmalOQv6+fEFt1mT+FcM3D841wDpoUvFXhaYenuROCy3FZYqdTjM7qVyA==}
    dependencies:
      '@types/prop-types': 15.7.11
      '@types/scheduler': 0.16.8
      csstype: 3.1.3
    dev: true

  /@types/scheduler@0.16.8:
    resolution: {integrity: sha512-WZLiwShhwLRmeV6zH+GkbOFT6Z6VklCItrDioxUnv+u4Ll+8vKeFySoFyK/0ctcRpOmwAicELfmys1sDc/Rw+A==}
    dev: true

  /@types/trusted-types@2.0.7:
    resolution: {integrity: sha512-ScaPdn1dQczgbl0QFTeTOmVHFULt394XJgOQNoyVhZ6r2vLnMLJfBPd53SB52T/3G36VI1/g2MZaX0cwDuXsfw==}
    dev: false

  /ansi-sequence-parser@1.1.1:
    resolution: {integrity: sha512-vJXt3yiaUL4UU546s3rPXlsry/RnM730G1+HkpKE012AN0sx1eOrxSu95oKDIonskeLTijMgqWZ3uDEe3NFvyg==}
    dev: true

  /balanced-match@1.0.2:
    resolution: {integrity: sha512-3oSeUO0TMV67hN1AmbXsK4yaqU7tjiHlbxRDZOpH0KW9+CeX4bRAaX0Anxt0tx2MrpRpWwQaPwIlISEJhYU5Pw==}
    dev: true

  /base64-js@0.0.8:
    resolution: {integrity: sha512-3XSA2cR/h/73EzlXXdU6YNycmYI7+kicTxks4eJg2g39biHR84slg2+des+p7iHYhbRg/udIS4TD53WabcOUkw==}
    engines: {node: '>= 0.4'}
    dev: false

  /brace-expansion@2.0.1:
    resolution: {integrity: sha512-XnAIvQ8eM+kC6aULx6wuQiwVsnzsi9d3WxzV3FpWTGA19F621kwdbsAcFKXgKUHZWsy+mY6iL1sHTxWEFCytDA==}
    dependencies:
      balanced-match: 1.0.2
    dev: true

  /braces@3.0.2:
    resolution: {integrity: sha512-b8um+L1RzM3WDSzvhm6gIz1yfTbBt6YTlcEKAvsmqCZZFw46z626lVj9j1yEPW33H5H+lBQpZMP1k8l+78Ha0A==}
    engines: {node: '>=8'}
    dependencies:
      fill-range: 7.0.1
    dev: false

  /camelize@1.0.1:
    resolution: {integrity: sha512-dU+Tx2fsypxTgtLoE36npi3UqcjSSMNYfkqgmoEhtZrraP5VWq0K7FkWVTYa8eMPtnU/G2txVsfdCJTn9uzpuQ==}
    dev: false

  /color-name@1.1.4:
    resolution: {integrity: sha512-dOy+3AuW3a2wNbZHIuMZpTcgjGuLU/uBL/ubcZF9OXbDo8ff4O8yVp5Bf0efS8uEoYo5q4Fx7dY9OgQGXgAsQA==}
    dev: false

  /commander@12.0.0:
    resolution: {integrity: sha512-MwVNWlYjDTtOjX5PiD7o5pK0UrFU/OYgcJfjjK4RaHZETNtjJqrZa9Y9ds88+A+f+d5lv+561eZ+yCKoS3gbAA==}
    engines: {node: '>=18'}
    dev: false

  /css-background-parser@0.1.0:
    resolution: {integrity: sha512-2EZLisiZQ+7m4wwur/qiYJRniHX4K5Tc9w93MT3AS0WS1u5kaZ4FKXlOTBhOjc+CgEgPiGY+fX1yWD8UwpEqUA==}
    dev: false

  /css-box-shadow@1.0.0-3:
    resolution: {integrity: sha512-9jaqR6e7Ohds+aWwmhe6wILJ99xYQbfmK9QQB9CcMjDbTxPZjwEmUQpU91OG05Xgm8BahT5fW+svbsQGjS/zPg==}
    dev: false

  /css-color-keywords@1.0.0:
    resolution: {integrity: sha512-FyyrDHZKEjXDpNJYvVsV960FiqQyXc/LlYmsxl2BcdMb2WPx0OGRVgTg55rPSyLSNMqP52R9r8geSp7apN3Ofg==}
    engines: {node: '>=4'}
    dev: false

  /css-to-react-native@3.2.0:
    resolution: {integrity: sha512-e8RKaLXMOFii+02mOlqwjbD00KSEKqblnpO9e++1aXS1fPQOpS1YoqdVHBqPjHNoxeF2mimzVqawm2KCbEdtHQ==}
    dependencies:
      camelize: 1.0.1
      css-color-keywords: 1.0.0
      postcss-value-parser: 4.2.0
    dev: false

  /csstype@3.1.3:
    resolution: {integrity: sha512-M1uQkMl8rQK/szD0LNhtqxIPLpimGm8sOBwU7lLnCpSbTyY3yeU1Vc7l4KT5zT4s/yOxHH5O7tIuuLOCnLADRw==}
    dev: true

  /data-uri-to-buffer@4.0.1:
    resolution: {integrity: sha512-0R9ikRb668HB7QDxT1vkpuUBtqc53YyAwMwGeUFKRojY/NWKvdZ+9UYtRfGmhqNbRkTSVpMbmyhXipFFv2cb/A==}
    engines: {node: '>= 12'}
    dev: false

  /emoji-regex@10.3.0:
    resolution: {integrity: sha512-QpLs9D9v9kArv4lfDEgg1X/gN5XLnf/A6l9cs8SPZLRZR3ZkY9+kwIQTxm+fsSej5UMYGE8fdoaZVIBlqG0XTw==}
    dev: false

  /enhanced-resolve@5.15.0:
    resolution: {integrity: sha512-LXYT42KJ7lpIKECr2mAXIaMldcNCh/7E0KBKOu4KSfkHmP+mZmSs+8V5gBAqisWBy0OO4W5Oyys0GO1Y8KtdKg==}
    engines: {node: '>=10.13.0'}
    dependencies:
      graceful-fs: 4.2.11
      tapable: 2.2.1
    dev: false

  /entities@4.5.0:
    resolution: {integrity: sha512-V0hjH4dGPh9Ao5p0MoRY6BVqtwCjhz6vI5LT8AJ55H+4g9/4vbHx1I54fS0XuclLhDHArPQCiMjDxjaL8fPxhw==}
    engines: {node: '>=0.12'}
    dev: false

  /escape-html@1.0.3:
    resolution: {integrity: sha512-NiSupZ4OeuGwr68lGIeym/ksIZMJodUGOSCZ/FSnTxcrekbvqrgdUxlJOMpijaKZVjAJrWrGs/6Jy8OMuyj9ow==}
    dev: false

  /fast-glob@3.3.2:
    resolution: {integrity: sha512-oX2ruAFQwf/Orj8m737Y5adxDQO0LAB7/S5MnxCdTNDd4p6BsyIVsv9JQsATbTSq8KHRpLwIHbVlUNatxd+1Ow==}
    engines: {node: '>=8.6.0'}
    dependencies:
      '@nodelib/fs.stat': 2.0.5
      '@nodelib/fs.walk': 1.2.8
      glob-parent: 5.1.2
      merge2: 1.4.1
      micromatch: 4.0.5
    dev: false

  /fastq@1.17.1:
    resolution: {integrity: sha512-sRVD3lWVIXWg6By68ZN7vho9a1pQcN/WBFaAAsDDFzlJjvoGx0P8z7V1t72grFJfJhu3YPZBuu25f7Kaw2jN1w==}
    dependencies:
      reusify: 1.0.4
    dev: false

  /fetch-blob@3.2.0:
    resolution: {integrity: sha512-7yAQpD2UMJzLi1Dqv7qFYnPbaPx7ZfFK6PiIxQ4PfkGPyNyl2Ugx+a/umUonmKqjhM4DnfbMvdX6otXq83soQQ==}
    engines: {node: ^12.20 || >= 14.13}
    dependencies:
      node-domexception: 1.0.0
      web-streams-polyfill: 3.3.2
    dev: false

  /fflate@0.7.4:
    resolution: {integrity: sha512-5u2V/CDW15QM1XbbgS+0DfPxVB+jUKhWEKuuFuHncbk3tEEqzmoXL+2KyOFuKGqOnmdIy0/davWF1CkuwtibCw==}
    dev: false

  /fill-range@7.0.1:
    resolution: {integrity: sha512-qOo9F+dMUmC2Lcb4BbVvnKJxTPjCm+RRpe4gDuGrzkL7mEVl/djYSu2OdQ2Pa302N4oqkSg9ir6jaLWJ2USVpQ==}
    engines: {node: '>=8'}
    dependencies:
      to-regex-range: 5.0.1
    dev: false

  /formdata-polyfill@4.0.10:
    resolution: {integrity: sha512-buewHzMvYL29jdeQTVILecSaZKnt/RJWjoZCF5OW60Z67/GmSLBkOFM7qh1PI3zFNtJbaZL5eQu1vLfazOwj4g==}
    engines: {node: '>=12.20.0'}
    dependencies:
      fetch-blob: 3.2.0
    dev: false

  /glob-parent@5.1.2:
    resolution: {integrity: sha512-AOIgSQCepiJYwP3ARnGx+5VnTu2HBYdzbGP45eLw1vr3zB3vZLeyed1sC9hnbcOc9/SrMyM5RPQrkGz4aS9Zow==}
    engines: {node: '>= 6'}
    dependencies:
      is-glob: 4.0.3
    dev: false

  /graceful-fs@4.2.11:
    resolution: {integrity: sha512-RbJ5/jmFcNNCcDV5o9eTnBLJ/HszWV0P73bc+Ff4nS/rJj+YaS6IGyiOL0VoBYX+l1Wrl3k63h/KrH+nhJ0XvQ==}
    dev: false

  /hex-rgb@4.3.0:
    resolution: {integrity: sha512-Ox1pJVrDCyGHMG9CFg1tmrRUMRPRsAWYc/PinY0XzJU4K7y7vjNoLKIQ7BR5UJMCxNN8EM1MNDmHWA/B3aZUuw==}
    engines: {node: '>=6'}
    dev: false

  /is-extglob@2.1.1:
    resolution: {integrity: sha512-SbKbANkN603Vi4jEZv49LeVJMn4yGwsbzZworEoyEiutsN3nJYdbO36zfhGJ6QEDpOZIFkDtnq5JRxmvl3jsoQ==}
    engines: {node: '>=0.10.0'}
    dev: false

  /is-glob@4.0.3:
    resolution: {integrity: sha512-xelSayHH36ZgE7ZWhli7pW34hNbNl8Ojv5KVmkJD4hBdD3th8Tfk9vYasLM+mXWOZhFkgZfxhLSnrwRr4elSSg==}
    engines: {node: '>=0.10.0'}
    dependencies:
      is-extglob: 2.1.1
    dev: false

  /is-number@7.0.0:
    resolution: {integrity: sha512-41Cifkg6e8TylSpdtTpeLVMqvSBEVzTttHvERD741+pnZ8ANv0004MRL43QKPDlK9cGvNp6NZWZUBlbGXYxxng==}
    engines: {node: '>=0.12.0'}
    dev: false

  /jsonc-parser@3.2.1:
    resolution: {integrity: sha512-AilxAyFOAcK5wA1+LeaySVBrHsGQvUFCDWXKpZjzaL0PqW+xfBOttn8GNtWKFWqneyMZj41MWF9Kl6iPWLwgOA==}
    dev: true

  /linebreak@1.1.0:
    resolution: {integrity: sha512-MHp03UImeVhB7XZtjd0E4n6+3xr5Dq/9xI/5FptGk5FrbDR3zagPa2DS6U8ks/3HjbKWG9Q1M2ufOzxV2qLYSQ==}
    dependencies:
      base64-js: 0.0.8
      unicode-trie: 2.0.0
    dev: false

  /lit-element@4.0.4:
    resolution: {integrity: sha512-98CvgulX6eCPs6TyAIQoJZBCQPo80rgXR+dVBs61cstJXqtI+USQZAbA4gFHh6L/mxBx9MrgPLHLsUgDUHAcCQ==}
    dependencies:
      '@lit-labs/ssr-dom-shim': 1.2.0
      '@lit/reactive-element': 2.0.4
      lit-html: 3.1.2
    dev: false

  /lit-html@3.1.2:
    resolution: {integrity: sha512-3OBZSUrPnAHoKJ9AMjRL/m01YJxQMf+TMHanNtTHG68ubjnZxK0RFl102DPzsw4mWnHibfZIBJm3LWCZ/LmMvg==}
    dependencies:
      '@types/trusted-types': 2.0.7
    dev: false

  /lit@3.1.2:
    resolution: {integrity: sha512-VZx5iAyMtX7CV4K8iTLdCkMaYZ7ipjJZ0JcSdJ0zIdGxxyurjIn7yuuSxNBD7QmjvcNJwr0JS4cAdAtsy7gZ6w==}
    dependencies:
      '@lit/reactive-element': 2.0.4
      lit-element: 4.0.4
      lit-html: 3.1.2
    dev: false

  /lunr@2.3.9:
    resolution: {integrity: sha512-zTU3DaZaF3Rt9rhN3uBMGQD3dD2/vFQqnvZCDv4dl5iOzq2IZQqTxu90r4E5J+nP70J3ilqVCrbho2eWaeW8Ow==}
    dev: true

  /marked@4.3.0:
    resolution: {integrity: sha512-PRsaiG84bK+AMvxziE/lCFss8juXjNaWzVbN5tXAm4XjeaS9NAHhop+PjQxz2A9h8Q4M/xGmzP8vqNwy6JeK0A==}
    engines: {node: '>= 12'}
    hasBin: true
    dev: true

  /merge2@1.4.1:
    resolution: {integrity: sha512-8q7VEgMJW4J8tcfVPy8g09NcQwZdbwFEqhe/WZkoIzjn/3TGDwtOCYtXGxA3O8tPzpczCCDgv+P2P5y00ZJOOg==}
    engines: {node: '>= 8'}
    dev: false

  /micromatch@4.0.5:
    resolution: {integrity: sha512-DMy+ERcEW2q8Z2Po+WNXuw3c5YaUSFjAO5GsJqfEl7UjvtIuFKO6ZrKvcItdy98dwFI2N1tg3zNIdKaQT+aNdA==}
    engines: {node: '>=8.6'}
    dependencies:
      braces: 3.0.2
      picomatch: 2.3.1
    dev: false

  /minimatch@9.0.3:
    resolution: {integrity: sha512-RHiac9mvaRw0x3AYRgDC1CxAP7HTcNrrECeA8YYJeWnpo+2Q5CegtZjaotWTWxDG3UeGA1coE05iH1mPjT/2mg==}
    engines: {node: '>=16 || 14 >=14.17'}
    dependencies:
      brace-expansion: 2.0.1
    dev: true

  /node-domexception@1.0.0:
    resolution: {integrity: sha512-/jKZoMpw0F8GRwl4/eLROPA3cfcXtLApP0QzLmUT/HuPCZWyB7IY9ZrMeKw2O/nFIqPQB3PVM9aYm0F312AXDQ==}
    engines: {node: '>=10.5.0'}
    dev: false

  /node-fetch@3.3.2:
    resolution: {integrity: sha512-dRB78srN/l6gqWulah9SrxeYnxeddIG30+GOqK/9OlLVyLg3HPnr6SqOWTWOXKRwC2eGYCkZ59NNuSgvSrpgOA==}
    engines: {node: ^12.20.0 || ^14.13.1 || >=16.0.0}
    dependencies:
      data-uri-to-buffer: 4.0.1
      fetch-blob: 3.2.0
      formdata-polyfill: 4.0.10
    dev: false

  /pako@0.2.9:
    resolution: {integrity: sha512-NUcwaKxUxWrZLpDG+z/xZaCgQITkA/Dv4V/T6bw7VON6l1Xz/VnrBqrYjZQ12TamKHzITTfOEIYUj48y2KXImA==}
    dev: false

  /parse-css-color@0.2.1:
    resolution: {integrity: sha512-bwS/GGIFV3b6KS4uwpzCFj4w297Yl3uqnSgIPsoQkx7GMLROXfMnWvxfNkL0oh8HVhZA4hvJoEoEIqonfJ3BWg==}
    dependencies:
      color-name: 1.1.4
      hex-rgb: 4.3.0
    dev: false

  /parse5@7.1.2:
    resolution: {integrity: sha512-Czj1WaSVpaoj0wbhMzLmWD69anp2WH7FXMB9n1Sy8/ZFF9jolSQVMu1Ij5WIyGmcBmhk7EOndpO4mIpihVqAXw==}
    dependencies:
      entities: 4.5.0
    dev: false

  /picocolors@1.0.0:
    resolution: {integrity: sha512-1fygroTLlHu66zi26VoTDv8yRgm0Fccecssto+MhsZ0D/DGW2sm8E8AjW7NU5VVTRt5GxbeZ5qBuJr+HyLYkjQ==}
    dev: false

  /picomatch@2.3.1:
    resolution: {integrity: sha512-JU3teHTNjmE2VCGFzuY8EXzCDVwEqB2a8fsIvwaStHhAWJEeVd1o1QD80CU6+ZdEXXSLbSsuLwJjkCBWqRQUVA==}
    engines: {node: '>=8.6'}
    dev: false

  /postcss-value-parser@4.2.0:
    resolution: {integrity: sha512-1NNCs6uurfkVbeXG4S8JFT9t19m45ICnif8zWLd5oPSZ50QnwMfK+H3jv408d4jw/7Bttv5axS5IiHoLaVNHeQ==}
    dev: false

  /prettier@3.2.5:
    resolution: {integrity: sha512-3/GWa9aOC0YeD7LUfvOG2NiDyhOWRvt1k+rcKhOuYnMY24iiCphgneUfJDyFXd6rZCAnuLBv6UeAULtrhT/F4A==}
    engines: {node: '>=14'}
    hasBin: true
    dev: true

  /queue-microtask@1.2.3:
    resolution: {integrity: sha512-NuaNSa6flKT5JaSYQzJok04JzTL1CA6aGhv5rfLW3PgqA+M2ChpZQnAC8h8i4ZFkBS8X5RqkDBHA7r4hej3K9A==}
    dev: false

  /reusify@1.0.4:
    resolution: {integrity: sha512-U9nH88a3fc/ekCF1l0/UP1IosiuIjyTh7hBvXVMHYgVcfGvt897Xguj2UOLDeI5BG2m7/uwyaLVT6fbtCwTyzw==}
    engines: {iojs: '>=1.0.0', node: '>=0.10.0'}
    dev: false

  /run-parallel@1.2.0:
    resolution: {integrity: sha512-5l4VyZR86LZ/lDxZTR6jqL8AFE2S0IFLMP26AbjsLVADxHdhB/c0GUsH+y39UfCi3dzz8OlQuPmnaJOMoDHQBA==}
    dependencies:
      queue-microtask: 1.2.3
    dev: false

  /satori-html@0.3.2:
    resolution: {integrity: sha512-wjTh14iqADFKDK80e51/98MplTGfxz2RmIzh0GqShlf4a67+BooLywF17TvJPD6phO0Hxm7Mf1N5LtRYvdkYRA==}
    dependencies:
      ultrahtml: 1.5.2
    dev: false

  /satori@0.10.13:
    resolution: {integrity: sha512-klCwkVYMQ/ZN5inJLHzrUmGwoRfsdP7idB5hfpJ1jfiJk1ErDitK8Hkc6Kll1+Ox2WtqEuGecSZLnmup3CGzvQ==}
    engines: {node: '>=16'}
    dependencies:
      '@shuding/opentype.js': 1.4.0-beta.0
      css-background-parser: 0.1.0
      css-box-shadow: 1.0.0-3
      css-to-react-native: 3.2.0
      emoji-regex: 10.3.0
      escape-html: 1.0.3
      linebreak: 1.1.0
      parse-css-color: 0.2.1
      postcss-value-parser: 4.2.0
      yoga-wasm-web: 0.3.3
    dev: false

  /shiki@0.14.7:
    resolution: {integrity: sha512-dNPAPrxSc87ua2sKJ3H5dQ/6ZaY8RNnaAqK+t0eG7p0Soi2ydiqbGOTaZCqaYvA/uZYfS1LJnemt3Q+mSfcPCg==}
    dependencies:
      ansi-sequence-parser: 1.1.1
      jsonc-parser: 3.2.1
      vscode-oniguruma: 1.7.0
      vscode-textmate: 8.0.0
    dev: true

  /string.prototype.codepointat@0.2.1:
    resolution: {integrity: sha512-2cBVCj6I4IOvEnjgO/hWqXjqBGsY+zwPmHl12Srk9IXSZ56Jwwmy+66XO5Iut/oQVR7t5ihYdLB0GMa4alEUcg==}
    dev: false

  /tapable@2.2.1:
    resolution: {integrity: sha512-GNzQvQTOIP6RyTfE2Qxb8ZVlNmw0n88vp1szwWRimP02mnTsx3Wtn5qRdqY9w2XduFNUgvOwhNnQsjwCp+kqaQ==}
    engines: {node: '>=6'}
    dev: false

  /tiny-inflate@1.0.3:
    resolution: {integrity: sha512-pkY1fj1cKHb2seWDy0B16HeWyczlJA9/WW3u3c4z/NiWDsO3DOU5D7nhTLE9CF0yXv/QZFY7sEJmj24dK+Rrqw==}
    dev: false

  /to-regex-range@5.0.1:
    resolution: {integrity: sha512-65P7iz6X5yEr1cwcgvQxbbIw7Uk3gOy5dIdtZ4rDveLqhrdJP+Li/Hx6tyK0NEb+2GCyneCMJiGqrADCSNk8sQ==}
    engines: {node: '>=8.0'}
    dependencies:
      is-number: 7.0.0
    dev: false

  /typedoc@0.25.7(typescript@5.3.3):
    resolution: {integrity: sha512-m6A6JjQRg39p2ZVRIN3NKXgrN8vzlHhOS+r9ymUYtcUP/TIQPvWSq7YgE5ZjASfv5Vd5BW5xrir6Gm2XNNcOow==}
    engines: {node: '>= 16'}
    hasBin: true
    peerDependencies:
      typescript: 4.6.x || 4.7.x || 4.8.x || 4.9.x || 5.0.x || 5.1.x || 5.2.x || 5.3.x
    dependencies:
      lunr: 2.3.9
      marked: 4.3.0
      minimatch: 9.0.3
      shiki: 0.14.7
      typescript: 5.3.3
    dev: true

  /typescript@5.3.3:
    resolution: {integrity: sha512-pXWcraxM0uxAS+tN0AG/BF2TyqmHO014Z070UsJ+pFvYuRSq8KH8DmWpnbXe0pEPDHXZV3FcAbJkijJ5oNEnWw==}
    engines: {node: '>=14.17'}
    hasBin: true
    dev: true

  /ultrahtml@1.5.2:
    resolution: {integrity: sha512-qh4mBffhlkiXwDAOxvSGxhL0QEQsTbnP9BozOK3OYPEGvPvdWzvAUaXNtUSMdNsKDtuyjEbyVUPFZ52SSLhLqw==}
    dev: false

  /undici-types@5.26.5:
    resolution: {integrity: sha512-JlCMO+ehdEIKqlFxk6IfVoAUVmgz7cU7zD/h9XZ0qzeosSHmUJVOzSQvvYSYWXkFXC+IfLKSIffhv0sVZup6pA==}
    dev: true

  /unicode-trie@2.0.0:
    resolution: {integrity: sha512-x7bc76x0bm4prf1VLg79uhAzKw8DVboClSN5VxJuQ+LKDOVEW9CdH+VY7SP+vX7xCYQqzzgQpFqz15zeLvAtZQ==}
    dependencies:
      pako: 0.2.9
      tiny-inflate: 1.0.3
    dev: false

  /vscode-oniguruma@1.7.0:
    resolution: {integrity: sha512-L9WMGRfrjOhgHSdOYgCt/yRMsXzLDJSL7BPrOZt73gU0iWO4mpqzqQzOz5srxqTvMBaR0XZTSrVWo4j55Rc6cA==}
    dev: true

  /vscode-textmate@8.0.0:
    resolution: {integrity: sha512-AFbieoL7a5LMqcnOF04ji+rpXadgOXnZsxQr//r83kLPr7biP7am3g9zbaZIaBGwBRWeSvoMD4mgPdX3e4NWBg==}
    dev: true

  /web-streams-polyfill@3.3.2:
    resolution: {integrity: sha512-3pRGuxRF5gpuZc0W+EpwQRmCD7gRqcDOMt688KmdlDAgAyaB1XlN0zq2njfDNm44XVdIouE7pZ6GzbdyH47uIQ==}
    engines: {node: '>= 8'}
    dev: false

  /yoga-wasm-web@0.3.3:
    resolution: {integrity: sha512-N+d4UJSJbt/R3wqY7Coqs5pcV0aUj2j9IaQ3rNj9bVCLld8tTGKRa2USARjnvZJWVx1NDmQev8EknoczaOQDOA==}
    dev: false
